
Microsoft Visual Studio Solution File, Format Version 12.00
# Visual Studio 15
Project("{FAE04EC0-301F-11D3-BF4B-00C04F79EFBC}") = "UnityEngine.UI", "UnityEngine.UI.csproj", "{FD0B59CF-3310-9967-C5E3-34EED028D2B2}"
EndProject
Project("{FAE04EC0-301F-11D3-BF4B-00C04F79EFBC}") = "UnityEngine.TestRunner", "UnityEngine.TestRunner.csproj", "{FD397C09-66DD-167A-31CB-1791FC35A170}"
EndProject
Project("{FAE04EC0-301F-11D3-BF4B-00C04F79EFBC}") = "Assembly-CSharp", "Assembly-CSharp.csproj", "{4AB9FAEA-C206-166B-637F-03768A11DD59}"
EndProject
Project("{FAE04EC0-301F-11D3-BF4B-00C04F79EFBC}") = "Unity.TextMeshPro", "Unity.TextMeshPro.csproj", "{741F8293-4690-A260-B113-D1ED3CA4CC20}"
EndProject
Project("{FAE04EC0-301F-11D3-BF4B-00C04F79EFBC}") = "Unity.Timeline", "Unity.Timeline.csproj", "{AEA8CDCC-8187-E90D-A21B-826971417045}"
EndProject
Project("{FAE04EC0-301F-11D3-BF4B-00C04F79EFBC}") = "Unity.TextMeshPro.Editor", "Unity.TextMeshPro.Editor.csproj", "{D4384526-F774-8EF3-0CE7-1FF33F5B663E}"
EndProject
Project("{FAE04EC0-301F-11D3-BF4B-00C04F79EFBC}") = "Unity.Timeline.Editor", "Unity.Timeline.Editor.csproj", "{13AF9F82-ADB0-3269-F9A9-112565781A0A}"
EndProject
Project("{FAE04EC0-301F-11D3-BF4B-00C04F79EFBC}") = "Unity.CollabProxy.Editor", "Unity.CollabProxy.Editor.csproj", "{9FCBA964-3E44-BA18-66F8-597CFEFACFFF}"
EndProject
Project("{FAE04EC0-301F-11D3-BF4B-00C04F79EFBC}") = "UnityEditor.TestRunner", "UnityEditor.TestRunner.csproj", "{1D87C421-DF55-F048-8909-90D52B4F3B83}"
EndProject
Project("{FAE04EC0-301F-11D3-BF4B-00C04F79EFBC}") = "UnityEditor.UI", "UnityEditor.UI.csproj", "{B8BF35E2-6DFC-3BB1-5087-E4204620C339}"
EndProject
Project("{FAE04EC0-301F-11D3-BF4B-00C04F79EFBC}") = "Unity.Rider.Editor", "Unity.Rider.Editor.csproj", "{647509AC-19FC-61CD-A88C-71F612200BEE}"
EndProject
Project("{FAE04EC0-301F-11D3-BF4B-00C04F79EFBC}") = "Unity.VisualStudio.Editor", "Unity.VisualStudio.Editor.csproj", "{5C516535-6D45-6802-12C6-77B4E04D07B7}"
EndProject
Project("{FAE04EC0-301F-11D3-BF4B-00C04F79EFBC}") = "Unity.VSCode.Editor", "Unity.VSCode.Editor.csproj", "{F063A616-067C-4F90-57DF-69DFD57C95B4}"
EndProject
Project("{FAE04EC0-301F-11D3-BF4B-00C04F79EFBC}") = "Assembly-CSharp-Editor", "Assembly-CSharp-Editor.csproj", "{7AC5F0FA-FD77-2360-62E0-995D657381CB}"
EndProject
Project("{FAE04EC0-301F-11D3-BF4B-00C04F79EFBC}") = "UnityEngine.UI", "UnityEngine.UI.Player.csproj", "{E1913680-55E0-C58A-5FBB-B8A65D15714C}"
EndProject
Project("{FAE04EC0-301F-11D3-BF4B-00C04F79EFBC}") = "UnityEngine.TestRunner", "UnityEngine.TestRunner.Player.csproj", "{15145385-1247-B265-7B7E-F75B001DBE76}"
EndProject
Project("{FAE04EC0-301F-11D3-BF4B-00C04F79EFBC}") = "Assembly-CSharp", "Assembly-CSharp.Player.csproj", "{53A92D10-A6FC-1895-4DC1-FFF1E6435A60}"
EndProject
Project("{FAE04EC0-301F-11D3-BF4B-00C04F79EFBC}") = "Unity.TextMeshPro", "Unity.TextMeshPro.Player.csproj", "{5CC93F36-13D1-4437-0FFE-E2835D1A097B}"
EndProject
Project("{FAE04EC0-301F-11D3-BF4B-00C04F79EFBC}") = "Unity.Timeline", "Unity.Timeline.Player.csproj", "{04249E98-EA03-E504-8906-0F3E641CFD90}"
EndProject
Global
	GlobalSection(SolutionConfigurationPlatforms) = preSolution
		Debug|Any CPU = Debug|Any CPU
		Release|Any CPU = Release|Any CPU
	EndGlobalSection
	GlobalSection(ProjectConfigurationPlatforms) = postSolution
		{FD0B59CF-3310-9967-C5E3-34EED028D2B2}.Debug|Any CPU.ActiveCfg = Debug|Any CPU
		{FD0B59CF-3310-9967-C5E3-34EED028D2B2}.Debug|Any CPU.Build.0 = Debug|Any CPU
		{FD0B59CF-3310-9967-C5E3-34EED028D2B2}.Release|Any CPU.ActiveCfg = Release|Any CPU
		{FD0B59CF-3310-9967-C5E3-34EED028D2B2}.Release|Any CPU.Build.0 = Release|Any CPU
		{FD397C09-66DD-167A-31CB-1791FC35A170}.Debug|Any CPU.ActiveCfg = Debug|Any CPU
		{FD397C09-66DD-167A-31CB-1791FC35A170}.Debug|Any CPU.Build.0 = Debug|Any CPU
		{FD397C09-66DD-167A-31CB-1791FC35A170}.Release|Any CPU.ActiveCfg = Release|Any CPU
		{FD397C09-66DD-167A-31CB-1791FC35A170}.Release|Any CPU.Build.0 = Release|Any CPU
		{4AB9FAEA-C206-166B-637F-03768A11DD59}.Debug|Any CPU.ActiveCfg = Debug|Any CPU
		{4AB9FAEA-C206-166B-637F-03768A11DD59}.Debug|Any CPU.Build.0 = Debug|Any CPU
		{4AB9FAEA-C206-166B-637F-03768A11DD59}.Release|Any CPU.ActiveCfg = Release|Any CPU
		{4AB9FAEA-C206-166B-637F-03768A11DD59}.Release|Any CPU.Build.0 = Release|Any CPU
		{741F8293-4690-A260-B113-D1ED3CA4CC20}.Debug|Any CPU.ActiveCfg = Debug|Any CPU
		{741F8293-4690-A260-B113-D1ED3CA4CC20}.Debug|Any CPU.Build.0 = Debug|Any CPU
		{741F8293-4690-A260-B113-D1ED3CA4CC20}.Release|Any CPU.ActiveCfg = Release|Any CPU
		{741F8293-4690-A260-B113-D1ED3CA4CC20}.Release|Any CPU.Build.0 = Release|Any CPU
		{AEA8CDCC-8187-E90D-A21B-826971417045}.Debug|Any CPU.ActiveCfg = Debug|Any CPU
		{AEA8CDCC-8187-E90D-A21B-826971417045}.Debug|Any CPU.Build.0 = Debug|Any CPU
		{AEA8CDCC-8187-E90D-A21B-826971417045}.Release|Any CPU.ActiveCfg = Release|Any CPU
		{AEA8CDCC-8187-E90D-A21B-826971417045}.Release|Any CPU.Build.0 = Release|Any CPU
		{D4384526-F774-8EF3-0CE7-1FF33F5B663E}.Debug|Any CPU.ActiveCfg = Debug|Any CPU
		{D4384526-F774-8EF3-0CE7-1FF33F5B663E}.Debug|Any CPU.Build.0 = Debug|Any CPU
		{D4384526-F774-8EF3-0CE7-1FF33F5B663E}.Release|Any CPU.ActiveCfg = Release|Any CPU
		{D4384526-F774-8EF3-0CE7-1FF33F5B663E}.Release|Any CPU.Build.0 = Release|Any CPU
		{13AF9F82-ADB0-3269-F9A9-112565781A0A}.Debug|Any CPU.ActiveCfg = Debug|Any CPU
		{13AF9F82-ADB0-3269-F9A9-112565781A0A}.Debug|Any CPU.Build.0 = Debug|Any CPU
		{13AF9F82-ADB0-3269-F9A9-112565781A0A}.Release|Any CPU.ActiveCfg = Release|Any CPU
		{13AF9F82-ADB0-3269-F9A9-112565781A0A}.Release|Any CPU.Build.0 = Release|Any CPU
		{9FCBA964-3E44-BA18-66F8-597CFEFACFFF}.Debug|Any CPU.ActiveCfg = Debug|Any CPU
		{9FCBA964-3E44-BA18-66F8-597CFEFACFFF}.Debug|Any CPU.Build.0 = Debug|Any CPU
		{9FCBA964-3E44-BA18-66F8-597CFEFACFFF}.Release|Any CPU.ActiveCfg = Release|Any CPU
		{9FCBA964-3E44-BA18-66F8-597CFEFACFFF}.Release|Any CPU.Build.0 = Release|Any CPU
		{1D87C421-DF55-F048-8909-90D52B4F3B83}.Debug|Any CPU.ActiveCfg = Debug|Any CPU
		{1D87C421-DF55-F048-8909-90D52B4F3B83}.Debug|Any CPU.Build.0 = Debug|Any CPU
		{1D87C421-DF55-F048-8909-90D52B4F3B83}.Release|Any CPU.ActiveCfg = Release|Any CPU
		{1D87C421-DF55-F048-8909-90D52B4F3B83}.Release|Any CPU.Build.0 = Release|Any CPU
		{B8BF35E2-6DFC-3BB1-5087-E4204620C339}.Debug|Any CPU.ActiveCfg = Debug|Any CPU
		{B8BF35E2-6DFC-3BB1-5087-E4204620C339}.Debug|Any CPU.Build.0 = Debug|Any CPU
		{B8BF35E2-6DFC-3BB1-5087-E4204620C339}.Release|Any CPU.ActiveCfg = Release|Any CPU
		{B8BF35E2-6DFC-3BB1-5087-E4204620C339}.Release|Any CPU.Build.0 = Release|Any CPU
		{647509AC-19FC-61CD-A88C-71F612200BEE}.Debug|Any CPU.ActiveCfg = Debug|Any CPU
		{647509AC-19FC-61CD-A88C-71F612200BEE}.Debug|Any CPU.Build.0 = Debug|Any CPU
		{647509AC-19FC-61CD-A88C-71F612200BEE}.Release|Any CPU.ActiveCfg = Release|Any CPU
		{647509AC-19FC-61CD-A88C-71F612200BEE}.Release|Any CPU.Build.0 = Release|Any CPU
		{5C516535-6D45-6802-12C6-77B4E04D07B7}.Debug|Any CPU.ActiveCfg = Debug|Any CPU
		{5C516535-6D45-6802-12C6-77B4E04D07B7}.Debug|Any CPU.Build.0 = Debug|Any CPU
		{5C516535-6D45-6802-12C6-77B4E04D07B7}.Release|Any CPU.ActiveCfg = Release|Any CPU
		{5C516535-6D45-6802-12C6-77B4E04D07B7}.Release|Any CPU.Build.0 = Release|Any CPU
		{F063A616-067C-4F90-57DF-69DFD57C95B4}.Debug|Any CPU.ActiveCfg = Debug|Any CPU
		{F063A616-067C-4F90-57DF-69DFD57C95B4}.Debug|Any CPU.Build.0 = Debug|Any CPU
		{F063A616-067C-4F90-57DF-69DFD57C95B4}.Release|Any CPU.ActiveCfg = Release|Any CPU
		{F063A616-067C-4F90-57DF-69DFD57C95B4}.Release|Any CPU.Build.0 = Release|Any CPU
		{7AC5F0FA-FD77-2360-62E0-995D657381CB}.Debug|Any CPU.ActiveCfg = Debug|Any CPU
		{7AC5F0FA-FD77-2360-62E0-995D657381CB}.Debug|Any CPU.Build.0 = Debug|Any CPU
		{7AC5F0FA-FD77-2360-62E0-995D657381CB}.Release|Any CPU.ActiveCfg = Release|Any CPU
		{7AC5F0FA-FD77-2360-62E0-995D657381CB}.Release|Any CPU.Build.0 = Release|Any CPU
		{E1913680-55E0-C58A-5FBB-B8A65D15714C}.Debug|Any CPU.ActiveCfg = Debug|Any CPU
		{E1913680-55E0-C58A-5FBB-B8A65D15714C}.Debug|Any CPU.Build.0 = Debug|Any CPU
		{E1913680-55E0-C58A-5FBB-B8A65D15714C}.Release|Any CPU.ActiveCfg = Release|Any CPU
		{E1913680-55E0-C58A-5FBB-B8A65D15714C}.Release|Any CPU.Build.0 = Release|Any CPU
		{15145385-1247-B265-7B7E-F75B001DBE76}.Debug|Any CPU.ActiveCfg = Debug|Any CPU
		{15145385-1247-B265-7B7E-F75B001DBE76}.Debug|Any CPU.Build.0 = Debug|Any CPU
		{15145385-1247-B265-7B7E-F75B001DBE76}.Release|Any CPU.ActiveCfg = Release|Any CPU
		{15145385-1247-B265-7B7E-F75B001DBE76}.Release|Any CPU.Build.0 = Release|Any CPU
		{53A92D10-A6FC-1895-4DC1-FFF1E6435A60}.Debug|Any CPU.ActiveCfg = Debug|Any CPU
		{53A92D10-A6FC-1895-4DC1-FFF1E6435A60}.Debug|Any CPU.Build.0 = Debug|Any CPU
		{53A92D10-A6FC-1895-4DC1-FFF1E6435A60}.Release|Any CPU.ActiveCfg = Release|Any CPU
		{53A92D10-A6FC-1895-4DC1-FFF1E6435A60}.Release|Any CPU.Build.0 = Release|Any CPU
		{5CC93F36-13D1-4437-0FFE-E2835D1A097B}.Debug|Any CPU.ActiveCfg = Debug|Any CPU
		{5CC93F36-13D1-4437-0FFE-E2835D1A097B}.Debug|Any CPU.Build.0 = Debug|Any CPU
		{5CC93F36-13D1-4437-0FFE-E2835D1A097B}.Release|Any CPU.ActiveCfg = Release|Any CPU
		{5CC93F36-13D1-4437-0FFE-E2835D1A097B}.Release|Any CPU.Build.0 = Release|Any CPU
		{04249E98-EA03-E504-8906-0F3E641CFD90}.Debug|Any CPU.ActiveCfg = Debug|Any CPU
		{04249E98-EA03-E504-8906-0F3E641CFD90}.Debug|Any CPU.Build.0 = Debug|Any CPU
		{04249E98-EA03-E504-8906-0F3E641CFD90}.Release|Any CPU.ActiveCfg = Release|Any CPU
		{04249E98-EA03-E504-8906-0F3E641CFD90}.Release|Any CPU.Build.0 = Release|Any CPU
	EndGlobalSection
	GlobalSection(SolutionProperties) = preSolution
		HideSolutionNode = FALSE
	EndGlobalSection
EndGlobal
